
Microsoft Visual Studio Solution File, Format Version 12.00
# Visual Studio Version 17
VisualStudioVersion = 17.11.35327.3
MinimumVisualStudioVersion = 10.0.40219.1
Project("{FAE04EC0-301F-11D3-BF4B-00C04F79EFBC}") = "Registration_System", "Registration_System.csproj", "{6FD158A4-9E62-4313-A6A2-E4337456585B}"
EndProject
Global
	GlobalSection(SolutionConfigurationPlatforms) = preSolution
		Debug|Any CPU = Debug|Any CPU
		Release|Any CPU = Release|Any CPU
	EndGlobalSection
	GlobalSection(ProjectConfigurationPlatforms) = postSolution
		{6FD158A4-9E62-4313-A6A2-E4337456585B}.Debug|Any CPU.ActiveCfg = Debug|Any CPU
		{6FD158A4-9E62-4313-A6A2-E4337456585B}.Debug|Any CPU.Build.0 = Debug|Any CPU
		{6FD158A4-9E62-4313-A6A2-E4337456585B}.Release|Any CPU.ActiveCfg = Release|Any CPU
		{6FD158A4-9E62-4313-A6A2-E4337456585B}.Release|Any CPU.Build.0 = Release|Any CPU
	EndGlobalSection
	GlobalSection(SolutionProperties) = preSolution
		HideSolutionNode = FALSE
	EndGlobalSection
	GlobalSection(ExtensibilityGlobals) = postSolution
		SolutionGuid = {9E5595CF-D686-4697-8ACA-AF22502BA251}
	EndGlobalSection
EndGlobal
